
Microsoft Visual Studio Solution File, Format Version 12.00
# Visual Studio 15
VisualStudioVersion = 15.0.26124.0
MinimumVisualStudioVersion = 15.0.26124.0
Project("{FAE04EC0-301F-11D3-BF4B-00C04F79EFBC}") = "Arena.Api", "Arena.Api\Arena.Api.csproj", "{3C5928C2-36A8-401F-9DB5-98236D8C3C20}"
EndProject
Project("{FAE04EC0-301F-11D3-BF4B-00C04F79EFBC}") = "Arena.Domain", "Arena.Domain\Arena.Domain.csproj", "{BA2C05EC-01D2-488F-AA9A-4C7228DDCA89}"
EndProject
Project("{FAE04EC0-301F-11D3-BF4B-00C04F79EFBC}") = "Arena.Infra", "Arena.Infra\Arena.Infra.csproj", "{6170A27B-4DFC-4DD8-8EBA-B9EE908629CC}"
EndProject
Project("{FAE04EC0-301F-11D3-BF4B-00C04F79EFBC}") = "Arena.Shared", "Arena.Shared\Arena.Shared.csproj", "{C14F1632-0A4F-4251-A195-F36B2769E827}"
EndProject
Project("{FAE04EC0-301F-11D3-BF4B-00C04F79EFBC}") = "Arena.Tests", "Arena.Tests\Arena.Tests.csproj", "{5DA6790F-0C78-4F2E-B045-F27C7F43A3D0}"
EndProject
Global
	GlobalSection(SolutionConfigurationPlatforms) = preSolution
		Debug|Any CPU = Debug|Any CPU
		Debug|x64 = Debug|x64
		Debug|x86 = Debug|x86
		Release|Any CPU = Release|Any CPU
		Release|x64 = Release|x64
		Release|x86 = Release|x86
	EndGlobalSection
	GlobalSection(SolutionProperties) = preSolution
		HideSolutionNode = FALSE
	EndGlobalSection
	GlobalSection(ProjectConfigurationPlatforms) = postSolution
		{3C5928C2-36A8-401F-9DB5-98236D8C3C20}.Debug|Any CPU.ActiveCfg = Debug|Any CPU
		{3C5928C2-36A8-401F-9DB5-98236D8C3C20}.Debug|Any CPU.Build.0 = Debug|Any CPU
		{3C5928C2-36A8-401F-9DB5-98236D8C3C20}.Debug|x64.ActiveCfg = Debug|Any CPU
		{3C5928C2-36A8-401F-9DB5-98236D8C3C20}.Debug|x64.Build.0 = Debug|Any CPU
		{3C5928C2-36A8-401F-9DB5-98236D8C3C20}.Debug|x86.ActiveCfg = Debug|Any CPU
		{3C5928C2-36A8-401F-9DB5-98236D8C3C20}.Debug|x86.Build.0 = Debug|Any CPU
		{3C5928C2-36A8-401F-9DB5-98236D8C3C20}.Release|Any CPU.ActiveCfg = Release|Any CPU
		{3C5928C2-36A8-401F-9DB5-98236D8C3C20}.Release|Any CPU.Build.0 = Release|Any CPU
		{3C5928C2-36A8-401F-9DB5-98236D8C3C20}.Release|x64.ActiveCfg = Release|Any CPU
		{3C5928C2-36A8-401F-9DB5-98236D8C3C20}.Release|x64.Build.0 = Release|Any CPU
		{3C5928C2-36A8-401F-9DB5-98236D8C3C20}.Release|x86.ActiveCfg = Release|Any CPU
		{3C5928C2-36A8-401F-9DB5-98236D8C3C20}.Release|x86.Build.0 = Release|Any CPU
		{BA2C05EC-01D2-488F-AA9A-4C7228DDCA89}.Debug|Any CPU.ActiveCfg = Debug|Any CPU
		{BA2C05EC-01D2-488F-AA9A-4C7228DDCA89}.Debug|Any CPU.Build.0 = Debug|Any CPU
		{BA2C05EC-01D2-488F-AA9A-4C7228DDCA89}.Debug|x64.ActiveCfg = Debug|Any CPU
		{BA2C05EC-01D2-488F-AA9A-4C7228DDCA89}.Debug|x64.Build.0 = Debug|Any CPU
		{BA2C05EC-01D2-488F-AA9A-4C7228DDCA89}.Debug|x86.ActiveCfg = Debug|Any CPU
		{BA2C05EC-01D2-488F-AA9A-4C7228DDCA89}.Debug|x86.Build.0 = Debug|Any CPU
		{BA2C05EC-01D2-488F-AA9A-4C7228DDCA89}.Release|Any CPU.ActiveCfg = Release|Any CPU
		{BA2C05EC-01D2-488F-AA9A-4C7228DDCA89}.Release|Any CPU.Build.0 = Release|Any CPU
		{BA2C05EC-01D2-488F-AA9A-4C7228DDCA89}.Release|x64.ActiveCfg = Release|Any CPU
		{BA2C05EC-01D2-488F-AA9A-4C7228DDCA89}.Release|x64.Build.0 = Release|Any CPU
		{BA2C05EC-01D2-488F-AA9A-4C7228DDCA89}.Release|x86.ActiveCfg = Release|Any CPU
		{BA2C05EC-01D2-488F-AA9A-4C7228DDCA89}.Release|x86.Build.0 = Release|Any CPU
		{6170A27B-4DFC-4DD8-8EBA-B9EE908629CC}.Debug|Any CPU.ActiveCfg = Debug|Any CPU
		{6170A27B-4DFC-4DD8-8EBA-B9EE908629CC}.Debug|Any CPU.Build.0 = Debug|Any CPU
		{6170A27B-4DFC-4DD8-8EBA-B9EE908629CC}.Debug|x64.ActiveCfg = Debug|Any CPU
		{6170A27B-4DFC-4DD8-8EBA-B9EE908629CC}.Debug|x64.Build.0 = Debug|Any CPU
		{6170A27B-4DFC-4DD8-8EBA-B9EE908629CC}.Debug|x86.ActiveCfg = Debug|Any CPU
		{6170A27B-4DFC-4DD8-8EBA-B9EE908629CC}.Debug|x86.Build.0 = Debug|Any CPU
		{6170A27B-4DFC-4DD8-8EBA-B9EE908629CC}.Release|Any CPU.ActiveCfg = Release|Any CPU
		{6170A27B-4DFC-4DD8-8EBA-B9EE908629CC}.Release|Any CPU.Build.0 = Release|Any CPU
		{6170A27B-4DFC-4DD8-8EBA-B9EE908629CC}.Release|x64.ActiveCfg = Release|Any CPU
		{6170A27B-4DFC-4DD8-8EBA-B9EE908629CC}.Release|x64.Build.0 = Release|Any CPU
		{6170A27B-4DFC-4DD8-8EBA-B9EE908629CC}.Release|x86.ActiveCfg = Release|Any CPU
		{6170A27B-4DFC-4DD8-8EBA-B9EE908629CC}.Release|x86.Build.0 = Release|Any CPU
		{C14F1632-0A4F-4251-A195-F36B2769E827}.Debug|Any CPU.ActiveCfg = Debug|Any CPU
		{C14F1632-0A4F-4251-A195-F36B2769E827}.Debug|Any CPU.Build.0 = Debug|Any CPU
		{C14F1632-0A4F-4251-A195-F36B2769E827}.Debug|x64.ActiveCfg = Debug|Any CPU
		{C14F1632-0A4F-4251-A195-F36B2769E827}.Debug|x64.Build.0 = Debug|Any CPU
		{C14F1632-0A4F-4251-A195-F36B2769E827}.Debug|x86.ActiveCfg = Debug|Any CPU
		{C14F1632-0A4F-4251-A195-F36B2769E827}.Debug|x86.Build.0 = Debug|Any CPU
		{C14F1632-0A4F-4251-A195-F36B2769E827}.Release|Any CPU.ActiveCfg = Release|Any CPU
		{C14F1632-0A4F-4251-A195-F36B2769E827}.Release|Any CPU.Build.0 = Release|Any CPU
		{C14F1632-0A4F-4251-A195-F36B2769E827}.Release|x64.ActiveCfg = Release|Any CPU
		{C14F1632-0A4F-4251-A195-F36B2769E827}.Release|x64.Build.0 = Release|Any CPU
		{C14F1632-0A4F-4251-A195-F36B2769E827}.Release|x86.ActiveCfg = Release|Any CPU
		{C14F1632-0A4F-4251-A195-F36B2769E827}.Release|x86.Build.0 = Release|Any CPU
		{5DA6790F-0C78-4F2E-B045-F27C7F43A3D0}.Debug|Any CPU.ActiveCfg = Debug|Any CPU
		{5DA6790F-0C78-4F2E-B045-F27C7F43A3D0}.Debug|Any CPU.Build.0 = Debug|Any CPU
		{5DA6790F-0C78-4F2E-B045-F27C7F43A3D0}.Debug|x64.ActiveCfg = Debug|Any CPU
		{5DA6790F-0C78-4F2E-B045-F27C7F43A3D0}.Debug|x64.Build.0 = Debug|Any CPU
		{5DA6790F-0C78-4F2E-B045-F27C7F43A3D0}.Debug|x86.ActiveCfg = Debug|Any CPU
		{5DA6790F-0C78-4F2E-B045-F27C7F43A3D0}.Debug|x86.Build.0 = Debug|Any CPU
		{5DA6790F-0C78-4F2E-B045-F27C7F43A3D0}.Release|Any CPU.ActiveCfg = Release|Any CPU
		{5DA6790F-0C78-4F2E-B045-F27C7F43A3D0}.Release|Any CPU.Build.0 = Release|Any CPU
		{5DA6790F-0C78-4F2E-B045-F27C7F43A3D0}.Release|x64.ActiveCfg = Release|Any CPU
		{5DA6790F-0C78-4F2E-B045-F27C7F43A3D0}.Release|x64.Build.0 = Release|Any CPU
		{5DA6790F-0C78-4F2E-B045-F27C7F43A3D0}.Release|x86.ActiveCfg = Release|Any CPU
		{5DA6790F-0C78-4F2E-B045-F27C7F43A3D0}.Release|x86.Build.0 = Release|Any CPU
	EndGlobalSection
EndGlobal
